# This file is autogenerated, do not edit; changes may be undone by the next 'dep ensure'.


[[projects]]
  digest = "1:ffe9824d294da03b391f44e1ae8281281b4afc1bdaa9588c9097785e3af10cec"
  name = "github.com/davecgh/go-spew"
  packages = ["spew"]
  pruneopts = "NUT"
  revision = "8991bc29aa16c548c550c7ff78260e27b9ab7c73"
  version = "v1.1.1"

[[projects]]
  digest = "1:7a6852b35eb5bbc184561443762d225116ae630c26a7c4d90546619f1e7d2ad2"
  name = "github.com/dgrijalva/jwt-go"
  packages = ["."]
  pruneopts = "NUT"
  revision = "06ea1031745cb8b3dab3f6a236daf2b0aa468b7e"
  version = "v3.2.0"

[[projects]]
  digest = "1:1c109e91a99627f9c80e8794d80773c8532dfcf234b45cdb6a6388b30a5bb5e7"
  name = "github.com/go-playground/locales"
  packages = [
    ".",
    "currency",
  ]
  pruneopts = "NUT"
  revision = "9f105231d3a5f6877a2bf8321dfa15ea6f844b1b"
  version = "v0.13.0"

[[projects]]
  digest = "1:1683152827ebac377858b53a6ad0be90fb1711061c7e580c5dc719834a349162"
  name = "github.com/go-playground/universal-translator"
  packages = ["."]
  pruneopts = "NUT"
  revision = "f87b1403479a348651dbf5f07f5cc6e5fcf07008"
  version = "v0.17.0"

[[projects]]
  digest = "1:747fc8ca21776d73d8dddf06a49db7b96154c1b669728b38f9192393d44e6291"
  name = "github.com/go-playground/validator"
  packages = ["."]
  pruneopts = "NUT"
  revision = "21c910fc6d9c3556c28252b04beb17de0c2d40ec"
  version = "v9.31.0"

[[projects]]
  digest = "1:24f20a61b3d084137d13cf53aba7365862b850fe4f30b733ed0e3c7ade9ca86d"
  name = "github.com/go-sql-driver/mysql"
  packages = ["."]
  pruneopts = "NUT"
  revision = "17ef3dd9d98b69acec3e85878995ada9533a9370"
  version = "v1.5.0"

[[projects]]
  digest = "1:3d3df99880596fbe936c55974a1d5cf50e35a5599898443e912322b012b05b26"
  name = "github.com/jinzhu/gorm"
  packages = [
    ".",
    "dialects/mysql",
  ]
  pruneopts = "NUT"
  revision = "79a77d771dee4e4b60e9c543e8663bbc80466670"
  version = "v1.9.12"

[[projects]]
  digest = "1:802f75230c29108e787d40679f9bf5da1a5673eaf5c10eb89afd993e18972909"
  name = "github.com/jinzhu/inflection"
  packages = ["."]
  pruneopts = "NUT"
  revision = "f5c5f50e6090ae76a29240b61ae2a90dd810112e"
  version = "v1.0.0"

[[projects]]
  digest = "1:e1a4a004e1797b96ee265d52809696ef6101fb7830aa50bd9ffc331e535f1956"
  name = "github.com/labstack/echo"
  packages = [
    ".",
    "middleware",
  ]
  pruneopts = "NUT"
  revision = "38772c686c76b501f94bd6cd5b77f5842e93b559"
  version = "v3.3.10"

[[projects]]
  digest = "1:df9821f5255054ce986032dff29e86885962ad1b147a98f4823462fa2c962017"
  name = "github.com/labstack/gommon"
  packages = [
    "bytes",
    "color",
    "log",
    "random",
  ]
  pruneopts = "NUT"
  revision = "4919956f6fb227b548f004da27c7c6b20fba499f"
  version = "v0.3.0"

[[projects]]
  digest = "1:1397155793926ba9ec5ab4f8ad496d3d1bd17622e2e1ecbcabcf7612b12537be"
  name = "github.com/leodido/go-urn"
  packages = ["."]
  pruneopts = "NUT"
  revision = "a0f5013415294bb94553821ace21a1a74c0298cc"
  version = "v1.2.0"

[[projects]]
  digest = "1:bced2617aac935b7931d43bdd5fd5ef3eacbb52291c61e423afe8037f6dd95f9"
  name = "github.com/mattn/go-colorable"
  packages = ["."]
  pruneopts = "NUT"
  revision = "98ec13f34aabf44cc914c65a1cfb7b9bc815aef1"
  version = "v0.1.4"

[[projects]]
  digest = "1:4c2c63bfd4c2ae0c5a9d7f75cab1f4fac4e8c2ce58f52a73322cefc9bdb4c5bd"
  name = "github.com/mattn/go-isatty"
  packages = ["."]
  pruneopts = "NUT"
  revision = "7b513a986450394f7bbf1476909911b3aa3a55ce"
  version = "v0.0.12"

[[projects]]
  digest = "1:bdfb0c1330370fa59d2cb3961dc926492888ef6c16e00c557ab66233e0f58844"
  name = "github.com/nbutton23/zxcvbn-go"
  packages = [
    ".",
    "adjacency",
    "data",
    "entropy",
    "frequency",
    "match",
    "matching",
    "scoring",
    "utils/math",
  ]
  pruneopts = "NUT"
  revision = "eafdab6b0663b4b528c35975c8b0e78be6e25261"
  version = "v0.1"

[[projects]]
  digest = "1:0028cb19b2e4c3112225cd871870f2d9cf49b9b4276531f03438a88e94be86fe"
  name = "github.com/pmezard/go-difflib"
  packages = ["difflib"]
  pruneopts = "NUT"
  revision = "792786c7400a136282c1664665ae0a8db921c6c2"
  version = "v1.0.0"

[[projects]]
  digest = "1:07a1397821cbea64dd3358af7796d4d925ca6ca2616946c0341d1531533d118f"
  name = "github.com/rs/zerolog"
  packages = [
    ".",
    "internal/cbor",
    "internal/json",
  ]
  pruneopts = "NUT"
  revision = "f1dd50b8c64d79be1392edf1d8fda5cedea4916d"
  version = "v1.17.2"

[[projects]]
  digest = "1:6e7bb8be062d38ec9e9222973e81835554bfa2181b9ab29ff206514bd44fe8d2"
  name = "github.com/stretchr/testify"
  packages = ["assert"]
  pruneopts = "NUT"
  revision = "221dbe5ed46703ee255b1da0dec05086f5035f62"
  version = "v1.4.0"

[[projects]]
  digest = "1:af354641f23332b1a8d5d361d11b5a9171589e412a67d499633706c611acc064"
  name = "github.com/valyala/bytebufferpool"
  packages = ["."]
  pruneopts = "NUT"
  revision = "e746df99fe4a3986f4d4f79e13c1e0117ce9c2f7"
  version = "v1.0.0"

[[projects]]
  digest = "1:f17377eef01c91aee2d0f93095d672bd27697c62e5546bde97f9c8412c141356"
  name = "github.com/valyala/fasttemplate"
  packages = ["."]
  pruneopts = "NUT"
  revision = "8fcc7a99b5795b7c3e95172237cf93282fc339a9"
  version = "v1.1.0"

[[projects]]
  branch = "master"
  digest = "1:9f1f757ecedaf2f5102151502fed104ff185431f3e028f256fa2dd5991dbc3ec"
  name = "golang.org/x/crypto"
  packages = [
    "acme",
    "acme/autocert",
    "bcrypt",
    "blowfish",
  ]
  pruneopts = "NUT"
  revision = "530e935923ad688be97c15eeb8e5ee42ebf2b54a"

[[projects]]
  branch = "master"
  digest = "1:d1f7edf951b9cc444358a31de2f4e4c1c5c539ea9c6aca13f5bf92eb1124fc4b"
  name = "golang.org/x/net"
  packages = ["idna"]
  pruneopts = "NUT"
  revision = "6afb5195e5aab057fda82e27171243402346b0ad"

[[projects]]
  branch = "master"
  digest = "1:a135a07d1745698cf75b7d37893d246157d10c2a7e95256e5514732e127c15a6"
  name = "golang.org/x/sys"
  packages = ["unix"]
  pruneopts = "NUT"
  revision = "9fbb57f87de9ccfe3a99d4e3270ce8a926ebba4f"

[[projects]]
  digest = "1:8d8faad6b12a3a4c819a3f9618cb6ee1fa1cfc33253abeeea8b55336721e3405"
  name = "golang.org/x/text"
  packages = [
    "collate",
    "collate/build",
    "internal/colltab",
    "internal/gen",
    "internal/language",
    "internal/language/compact",
    "internal/tag",
    "internal/triegen",
    "internal/ucd",
    "language",
    "secure/bidirule",
    "transform",
    "unicode/bidi",
    "unicode/cldr",
    "unicode/norm",
    "unicode/rangetable",
  ]
  pruneopts = "NUT"
  revision = "342b2e1fbaa52c93f31447ad2c6abc048c63e475"
  version = "v0.3.2"

[[projects]]
  digest = "1:d9b9ac6943a512737f76bf3d61b08d97121c66686bc02ffc231313563230b468"
  name = "gopkg.in/yaml.v2"
  packages = ["."]
  pruneopts = "NUT"
  revision = "53403b58ad1b561927d19068c655246f2db79d48"
  version = "v2.2.8"

[solve-meta]
  analyzer-name = "dep"
  analyzer-version = 1
  input-imports = [
    "github.com/dgrijalva/jwt-go",
    "github.com/go-playground/validator",
    "github.com/jinzhu/gorm",
    "github.com/jinzhu/gorm/dialects/mysql",
    "github.com/labstack/echo",
    "github.com/labstack/echo/middleware",
    "github.com/nbutton23/zxcvbn-go",
    "github.com/rs/zerolog",
    "github.com/stretchr/testify/assert",
    "golang.org/x/crypto/bcrypt",
    "gopkg.in/yaml.v2",
  ]
  solver-name = "gps-cdcl"
  solver-version = 1
