# This file is autogenerated, do not edit; changes may be undone by the next 'dep ensure'.


[[projects]]
  branch = "master"
  digest = "1:81f8c061c3d18ed1710957910542bc17d2b789c6cd19e0f654c30b35fd255ca5"
  name = "github.com/Azure/go-ansiterm"
  packages = [
    ".",
    "winterm",
  ]
  pruneopts = "NUT"
  revision = "d6e3b3328b783f23731bc4d058875b0371ff8109"

[[projects]]
  digest = "1:2be791e7b333ff7c06f8fb3dc18a7d70580e9399dbdffd352621d067ff260b6e"
  name = "github.com/Microsoft/go-winio"
  packages = ["."]
  pruneopts = "NUT"
  revision = "97e4973ce50b2ff5f09635a57e2b88a037aae829"
  version = "v0.4.11"

[[projects]]
  branch = "master"
  digest = "1:7da1a26e347165227c79dfb10b90b3b5dedb6cbae50e88cdb81f5b6259b5b951"
  name = "github.com/Nvveen/Gotty"
  packages = ["."]
  pruneopts = "NUT"
  revision = "cd527374f1e5bff4938207604a14f2e38a9cf512"

[[projects]]
  digest = "1:6b60126417800f84a2a69f0b358527e0ea7489fc1c316eb49e0f404d3da8a6cb"
  name = "github.com/cenkalti/backoff"
  packages = ["."]
  pruneopts = "NUT"
  revision = "62661b46c4093e2c1f38d943e663db1a29873e80"
  version = "v2.1.0"

[[projects]]
  branch = "master"
  digest = "1:e48c63e818c67fbf3d7afe20bba33134ab1a5bf384847385384fd027652a5a96"
  name = "github.com/containerd/continuity"
  packages = ["pathdriver"]
  pruneopts = "NUT"
  revision = "004b46473808b3e7a4a3049c20e4376c91eb966d"

[[projects]]
  digest = "1:ffe9824d294da03b391f44e1ae8281281b4afc1bdaa9588c9097785e3af10cec"
  name = "github.com/davecgh/go-spew"
  packages = ["spew"]
  pruneopts = "NUT"
  revision = "8991bc29aa16c548c550c7ff78260e27b9ab7c73"
  version = "v1.1.1"

[[projects]]
  digest = "1:7a6852b35eb5bbc184561443762d225116ae630c26a7c4d90546619f1e7d2ad2"
  name = "github.com/dgrijalva/jwt-go"
  packages = ["."]
  pruneopts = "NUT"
  revision = "06ea1031745cb8b3dab3f6a236daf2b0aa468b7e"
  version = "v3.2.0"

[[projects]]
  digest = "1:87dcb59127512b84097086504c16595cf8fef35b9e0bfca565dfc06e198158d7"
  name = "github.com/docker/go-connections"
  packages = ["nat"]
  pruneopts = "NUT"
  revision = "3ede32e2033de7505e6500d6c868c2b9ed9f169d"
  version = "v0.3.0"

[[projects]]
  digest = "1:4340101f42556a9cb2f7a360a0e95a019bfef6247d92e6c4c46f2433cf86a482"
  name = "github.com/docker/go-units"
  packages = ["."]
  pruneopts = "NUT"
  revision = "47565b4f722fb6ceae66b95f853feed578a4a51c"
  version = "v0.3.3"

[[projects]]
  digest = "1:1c109e91a99627f9c80e8794d80773c8532dfcf234b45cdb6a6388b30a5bb5e7"
  name = "github.com/go-playground/locales"
  packages = [
    ".",
    "currency",
  ]
  pruneopts = "NUT"
  revision = "f63010822830b6fe52288ee52d5a1151088ce039"
  version = "v0.12.1"

[[projects]]
  digest = "1:1683152827ebac377858b53a6ad0be90fb1711061c7e580c5dc719834a349162"
  name = "github.com/go-playground/universal-translator"
  packages = ["."]
  pruneopts = "NUT"
  revision = "b32fa301c9fe55953584134cb6853a13c87ec0a1"
  version = "v0.16.0"

[[projects]]
  digest = "1:fedf9acce6acb7d1395211bb07c6a7747d80b64ed9517b59b86e8ae9ccda4044"
  name = "github.com/go-playground/validator"
  packages = ["."]
  pruneopts = "NUT"
  revision = "0277b12d53df79c9dbf7311cb07fa9c81ed621bb"
  version = "v9.24.0"

[[projects]]
  digest = "1:13e9a236e56e18fecb73f5b2f2eb7f60060a1a9bc27e5a7328ab22e275ecb63e"
  name = "github.com/go-sql-driver/mysql"
  packages = ["."]
  pruneopts = "NUT"
  revision = "72cd26f257d44c1114970e19afddcd812016007e"
  version = "v1.4.1"

[[projects]]
  digest = "1:05bee1867e4c402256c67735a7d610f926f3003fbaa091801aaac7bb2d6f28af"
  name = "github.com/jinzhu/gorm"
  packages = [
    ".",
    "dialects/mysql",
  ]
  pruneopts = "NUT"
  revision = "472c70caa40267cb89fd8facb07fe6454b578626"
  version = "v1.9.2"

[[projects]]
  branch = "master"
  digest = "1:802f75230c29108e787d40679f9bf5da1a5673eaf5c10eb89afd993e18972909"
  name = "github.com/jinzhu/inflection"
  packages = ["."]
  pruneopts = "NUT"
  revision = "04140366298a54a039076d798123ffa108fff46c"

[[projects]]
  digest = "1:4059c14e87a2de3a434430340521b5feece186c1469eff0834c29a63870de3ed"
  name = "github.com/konsorten/go-windows-terminal-sequences"
  packages = ["."]
  pruneopts = "NUT"
  revision = "5c8c8bd35d3832f5d134ae1e1e375b69a4d25242"
  version = "v1.0.1"

[[projects]]
  digest = "1:6a9a0e42dbadd13b1d4ac430c820159b9fa2e581c686f2d8d6d6d091f0b10428"
  name = "github.com/labstack/echo"
  packages = [
    ".",
    "middleware",
  ]
  pruneopts = "NUT"
  revision = "c7eb8da9ec73e78c4f38413f3f835e0cd52c7d72"
  version = "v3.3.8"

[[projects]]
  digest = "1:47ee373e16e657b31403855fbd88625fc8a9dc839f4b2a2a1b47747890bd322e"
  name = "github.com/labstack/gommon"
  packages = [
    "bytes",
    "color",
    "log",
    "random",
  ]
  pruneopts = "NUT"
  revision = "7fd9f68ece0bcb1a905fac8f1549f0083f71c51b"
  version = "v0.2.8"

[[projects]]
  digest = "1:c41a98ec16b8b053f921ad36d510f552321d6c86d2cd46d15b0ef3b85e67dd5f"
  name = "github.com/leodido/go-urn"
  packages = ["."]
  pruneopts = "NUT"
  revision = "70078a794e8ea4b497ba7c19a78cd60f90ccf0f4"
  version = "v1.1.0"

[[projects]]
  digest = "1:08c231ec84231a7e23d67e4b58f975e1423695a32467a362ee55a803f9de8061"
  name = "github.com/mattn/go-colorable"
  packages = ["."]
  pruneopts = "NUT"
  revision = "167de6bfdfba052fa6b2d3664c8f5272e23c9072"
  version = "v0.0.9"

[[projects]]
  digest = "1:bffa444ca07c69c599ae5876bc18b25bfd5fa85b297ca10a25594d284a7e9c5d"
  name = "github.com/mattn/go-isatty"
  packages = ["."]
  pruneopts = "NUT"
  revision = "6ca4dbf54d38eea1a992b3c722a76a5d1c4cb25c"
  version = "v0.0.4"

[[projects]]
  digest = "1:bdfb0c1330370fa59d2cb3961dc926492888ef6c16e00c557ab66233e0f58844"
  name = "github.com/nbutton23/zxcvbn-go"
  packages = [
    ".",
    "adjacency",
    "data",
    "entropy",
    "frequency",
    "match",
    "matching",
    "scoring",
    "utils/math",
  ]
  pruneopts = "NUT"
  revision = "eafdab6b0663b4b528c35975c8b0e78be6e25261"
  version = "v0.1"

[[projects]]
  digest = "1:e0cc8395ea893c898ff5eb0850f4d9851c1f57c78c232304a026379a47a552d0"
  name = "github.com/opencontainers/go-digest"
  packages = ["."]
  pruneopts = "NUT"
  revision = "279bed98673dd5bef374d3b6e4b09e2af76183bf"
  version = "v1.0.0-rc1"

[[projects]]
  digest = "1:11db38d694c130c800d0aefb502fb02519e514dc53d9804ce51d1ad25ec27db6"
  name = "github.com/opencontainers/image-spec"
  packages = [
    "specs-go",
    "specs-go/v1",
  ]
  pruneopts = "NUT"
  revision = "d60099175f88c47cd379c4738d158884749ed235"
  version = "v1.0.1"

[[projects]]
  digest = "1:6677d48b94a68d0e2b9c2231c40f038a847cdf4b26a8eea65357cd70a58ef957"
  name = "github.com/opencontainers/runc"
  packages = ["libcontainer/user"]
  pruneopts = "NUT"
  revision = "ccb5efd37fb7c86364786e9137e22948751de7ed"
  version = "v1.0.0-rc6"

[[projects]]
  digest = "1:12531d6a5b93752cbac226d6d040f19c23432b9a2d9c65dbf4953a60d76cf4ce"
  name = "github.com/ory/dockertest"
  packages = [
    ".",
    "docker",
    "docker/opts",
    "docker/pkg/archive",
    "docker/pkg/fileutils",
    "docker/pkg/homedir",
    "docker/pkg/idtools",
    "docker/pkg/ioutils",
    "docker/pkg/jsonmessage",
    "docker/pkg/longpath",
    "docker/pkg/mount",
    "docker/pkg/pools",
    "docker/pkg/stdcopy",
    "docker/pkg/system",
    "docker/pkg/term",
    "docker/pkg/term/windows",
    "docker/types",
    "docker/types/blkiodev",
    "docker/types/container",
    "docker/types/filters",
    "docker/types/mount",
    "docker/types/network",
    "docker/types/registry",
    "docker/types/strslice",
    "docker/types/versions",
  ]
  pruneopts = "NUT"
  revision = "9f1141b78507d23603f6be530587664ebb63a8d2"
  version = "v3.3.2"

[[projects]]
  digest = "1:5cf3f025cbee5951a4ee961de067c8a89fc95a5adabead774f82822efabab121"
  name = "github.com/pkg/errors"
  packages = ["."]
  pruneopts = "NUT"
  revision = "645ef00459ed84a119197bfb8d8205042c6df63d"
  version = "v0.8.0"

[[projects]]
  digest = "1:0028cb19b2e4c3112225cd871870f2d9cf49b9b4276531f03438a88e94be86fe"
  name = "github.com/pmezard/go-difflib"
  packages = ["difflib"]
  pruneopts = "NUT"
  revision = "792786c7400a136282c1664665ae0a8db921c6c2"
  version = "v1.0.0"

[[projects]]
  digest = "1:ef2fb2ed953f7e3f8d9dd98a62e1f89650c37410555ed36f58f256b769b7dfb1"
  name = "github.com/rs/zerolog"
  packages = [
    ".",
    "internal/cbor",
    "internal/json",
  ]
  pruneopts = "NUT"
  revision = "8747b7b3a51b5d08ee7ac50eaf4869edaf9f714a"
  version = "v1.11.0"

[[projects]]
  digest = "1:d848e2bdc690ea54c4b49894b67a05db318a97ee6561879b814c2c1f82f61406"
  name = "github.com/sirupsen/logrus"
  packages = ["."]
  pruneopts = "NUT"
  revision = "bcd833dfe83d3cebad139e4a29ed79cb2318bf95"
  version = "v1.2.0"

[[projects]]
  digest = "1:bacb8b590716ab7c33f2277240972c9582d389593ee8d66fc10074e0508b8126"
  name = "github.com/stretchr/testify"
  packages = ["assert"]
  pruneopts = "NUT"
  revision = "f35b8ab0b5a2cef36673838d662e249dd9c94686"
  version = "v1.2.2"

[[projects]]
  digest = "1:af354641f23332b1a8d5d361d11b5a9171589e412a67d499633706c611acc064"
  name = "github.com/valyala/bytebufferpool"
  packages = ["."]
  pruneopts = "NUT"
  revision = "e746df99fe4a3986f4d4f79e13c1e0117ce9c2f7"
  version = "v1.0.0"

[[projects]]
  branch = "master"
  digest = "1:f17377eef01c91aee2d0f93095d672bd27697c62e5546bde97f9c8412c141356"
  name = "github.com/valyala/fasttemplate"
  packages = ["."]
  pruneopts = "NUT"
  revision = "dcecefd839c4193db0d35b88ec65b4c12d360ab0"

[[projects]]
  branch = "master"
  digest = "1:a37daa0a0a8c43b2a2c22b1afde7541e42a83bfcd3584130558d7857aa5bebfb"
  name = "golang.org/x/crypto"
  packages = [
    "acme",
    "acme/autocert",
    "bcrypt",
    "blowfish",
    "ssh/terminal",
  ]
  pruneopts = "NUT"
  revision = "505ab145d0a99da450461ae2c1a9f6cd10d1f447"

[[projects]]
  branch = "master"
  digest = "1:76ee51c3f468493aff39dbacc401e8831fbb765104cbf613b89bef01cf4bad70"
  name = "golang.org/x/net"
  packages = ["context"]
  pruneopts = "NUT"
  revision = "927f97764cc334a6575f4b7a1584a147864d5723"

[[projects]]
  branch = "master"
  digest = "1:2075537ba5a9b2cc70c521cd4404bb5368b47f87fddc97fdf6fd2327fad21fe1"
  name = "golang.org/x/sys"
  packages = [
    "unix",
    "windows",
  ]
  pruneopts = "NUT"
  revision = "9a3f9b0469bbc6b8802087ae5c0af9f61502de01"

[[projects]]
  digest = "1:c25289f43ac4a68d88b02245742347c94f1e108c534dda442188015ff80669b3"
  name = "google.golang.org/appengine"
  packages = ["cloudsql"]
  pruneopts = "NUT"
  revision = "e9657d882bb81064595ca3b56cbe2546bbabf7b1"
  version = "v1.4.0"

[[projects]]
  digest = "1:18108594151654e9e696b27b181b953f9a90b16bf14d253dd1b397b025a1487f"
  name = "gopkg.in/yaml.v2"
  packages = ["."]
  pruneopts = "NUT"
  revision = "51d6538a90f86fe93ac480b35f37b2be17fef232"
  version = "v2.2.2"

[solve-meta]
  analyzer-name = "dep"
  analyzer-version = 1
  input-imports = [
    "github.com/dgrijalva/jwt-go",
    "github.com/go-playground/validator",
    "github.com/jinzhu/gorm",
    "github.com/jinzhu/gorm/dialects/mysql",
    "github.com/labstack/echo",
    "github.com/labstack/echo/middleware",
    "github.com/nbutton23/zxcvbn-go",
    "github.com/ory/dockertest",
    "github.com/rs/zerolog",
    "github.com/stretchr/testify/assert",
    "golang.org/x/crypto/bcrypt",
    "gopkg.in/yaml.v2",
  ]
  solver-name = "gps-cdcl"
  solver-version = 1
